// !$*UTF8*$!
{
	archiveVersion = 1;
	classes = {
	};
	objectVersion = 46;
	objects = {

/* Begin PBXBuildFile section */
		E34F70161DF9DFD40074F8F1 /* PlayFlashCardViewController.swift in Sources */ = {isa = PBXBuildFile; fileRef = E34F70151DF9DFD40074F8F1 /* PlayFlashCardViewController.swift */; };
		E34F701D1DFEEA1D0074F8F1 /* FlashCards.xcdatamodeld in Sources */ = {isa = PBXBuildFile; fileRef = E34F701B1DFEEA1D0074F8F1 /* FlashCards.xcdatamodeld */; };
		E34F701F1DFEEC920074F8F1 /* DataController.swift in Sources */ = {isa = PBXBuildFile; fileRef = E34F701E1DFEEC920074F8F1 /* DataController.swift */; };
		E3B847FC1DF1DEA300FD259F /* AppDelegate.swift in Sources */ = {isa = PBXBuildFile; fileRef = E3B847FB1DF1DEA300FD259F /* AppDelegate.swift */; };
		E3B847FE1DF1DEA300FD259F /* ImageCollectionViewController.swift in Sources */ = {isa = PBXBuildFile; fileRef = E3B847FD1DF1DEA300FD259F /* ImageCollectionViewController.swift */; };
		E3B848011DF1DEA300FD259F /* Main.storyboard in Resources */ = {isa = PBXBuildFile; fileRef = E3B847FF1DF1DEA300FD259F /* Main.storyboard */; };
		E3B848031DF1DEA300FD259F /* Assets.xcassets in Resources */ = {isa = PBXBuildFile; fileRef = E3B848021DF1DEA300FD259F /* Assets.xcassets */; };
		E3B848061DF1DEA300FD259F /* LaunchScreen.storyboard in Resources */ = {isa = PBXBuildFile; fileRef = E3B848041DF1DEA300FD259F /* LaunchScreen.storyboard */; };
		E3B8480E1DF7442E00FD259F /* AddSoundViewController.swift in Sources */ = {isa = PBXBuildFile; fileRef = E3B8480D1DF7442E00FD259F /* AddSoundViewController.swift */; };
/* End PBXBuildFile section */

/* Begin PBXFileReference section */
		E34F70151DF9DFD40074F8F1 /* PlayFlashCardViewController.swift */ = {isa = PBXFileReference; fileEncoding = 4; lastKnownFileType = sourcecode.swift; path = PlayFlashCardViewController.swift; sourceTree = "<group>"; };
		E34F701C1DFEEA1D0074F8F1 /* FlashCards.xcdatamodel */ = {isa = PBXFileReference; lastKnownFileType = wrapper.xcdatamodel; path = FlashCards.xcdatamodel; sourceTree = "<group>"; };
		E34F701E1DFEEC920074F8F1 /* DataController.swift */ = {isa = PBXFileReference; fileEncoding = 4; lastKnownFileType = sourcecode.swift; path = DataController.swift; sourceTree = "<group>"; };
		E3B847F81DF1DEA300FD259F /* Memorise It.app */ = {isa = PBXFileReference; explicitFileType = wrapper.application; includeInIndex = 0; path = "Memorise It.app"; sourceTree = BUILT_PRODUCTS_DIR; };
		E3B847FB1DF1DEA300FD259F /* AppDelegate.swift */ = {isa = PBXFileReference; lastKnownFileType = sourcecode.swift; path = AppDelegate.swift; sourceTree = "<group>"; };
		E3B847FD1DF1DEA300FD259F /* ImageCollectionViewController.swift */ = {isa = PBXFileReference; lastKnownFileType = sourcecode.swift; path = ImageCollectionViewController.swift; sourceTree = "<group>"; };
		E3B848001DF1DEA300FD259F /* Base */ = {isa = PBXFileReference; lastKnownFileType = file.storyboard; name = Base; path = Base.lproj/Main.storyboard; sourceTree = "<group>"; };
		E3B848021DF1DEA300FD259F /* Assets.xcassets */ = {isa = PBXFileReference; lastKnownFileType = folder.assetcatalog; path = Assets.xcassets; sourceTree = "<group>"; };
		E3B848051DF1DEA300FD259F /* Base */ = {isa = PBXFileReference; lastKnownFileType = file.storyboard; name = Base; path = Base.lproj/LaunchScreen.storyboard; sourceTree = "<group>"; };
		E3B848071DF1DEA300FD259F /* Info.plist */ = {isa = PBXFileReference; lastKnownFileType = text.plist.xml; path = Info.plist; sourceTree = "<group>"; };
		E3B8480D1DF7442E00FD259F /* AddSoundViewController.swift */ = {isa = PBXFileReference; fileEncoding = 4; lastKnownFileType = sourcecode.swift; path = AddSoundViewController.swift; sourceTree = "<group>"; };
/* End PBXFileReference section */

/* Begin PBXFrameworksBuildPhase section */
		E3B847F51DF1DEA300FD259F /* Frameworks */ = {
			isa = PBXFrameworksBuildPhase;
			buildActionMask = 2147483647;
			files = (
			);
			runOnlyForDeploymentPostprocessing = 0;
		};
/* End PBXFrameworksBuildPhase section */

/* Begin PBXGroup section */
		E34F70171DF9E0030074F8F1 /* Model */ = {
			isa = PBXGroup;
			children = (
				E34F701B1DFEEA1D0074F8F1 /* FlashCards.xcdatamodeld */,
				E34F701E1DFEEC920074F8F1 /* DataController.swift */,
			);
			name = Model;
			sourceTree = "<group>";
		};
		E3B847EF1DF1DEA300FD259F = {
			isa = PBXGroup;
			children = (
				E3B847FA1DF1DEA300FD259F /* Memorise It */,
				E3B847F91DF1DEA300FD259F /* Products */,
			);
			sourceTree = "<group>";
		};
		E3B847F91DF1DEA300FD259F /* Products */ = {
			isa = PBXGroup;
			children = (
				E3B847F81DF1DEA300FD259F /* Memorise It.app */,
			);
			name = Products;
			sourceTree = "<group>";
		};
		E3B847FA1DF1DEA300FD259F /* Memorise It */ = {
			isa = PBXGroup;
			children = (
				E3B848101DF7443E00FD259F /* Storyboards */,
				E34F70171DF9E0030074F8F1 /* Model */,
				E3B8480F1DF7443400FD259F /* View Controllers */,
				E3B847FB1DF1DEA300FD259F /* AppDelegate.swift */,
				E3B848021DF1DEA300FD259F /* Assets.xcassets */,
				E3B848071DF1DEA300FD259F /* Info.plist */,
			);
			path = "Memorise It";
			sourceTree = "<group>";
		};
		E3B8480F1DF7443400FD259F /* View Controllers */ = {
			isa = PBXGroup;
			children = (
				E3B847FD1DF1DEA300FD259F /* ImageCollectionViewController.swift */,
				E3B8480D1DF7442E00FD259F /* AddSoundViewController.swift */,
				E34F70151DF9DFD40074F8F1 /* PlayFlashCardViewController.swift */,
			);
			name = "View Controllers";
			sourceTree = "<group>";
		};
		E3B848101DF7443E00FD259F /* Storyboards */ = {
			isa = PBXGroup;
			children = (
				E3B847FF1DF1DEA300FD259F /* Main.storyboard */,
				E3B848041DF1DEA300FD259F /* LaunchScreen.storyboard */,
			);
			name = Storyboards;
			sourceTree = "<group>";
		};
/* End PBXGroup section */

/* Begin PBXNativeTarget section */
		E3B847F71DF1DEA300FD259F /* Memorise It */ = {
			isa = PBXNativeTarget;
			buildConfigurationList = E3B8480A1DF1DEA300FD259F /* Build configuration list for PBXNativeTarget "Memorise It" */;
			buildPhases = (
				E3B847F41DF1DEA300FD259F /* Sources */,
				E3B847F51DF1DEA300FD259F /* Frameworks */,
				E3B847F61DF1DEA300FD259F /* Resources */,
			);
			buildRules = (
			);
			dependencies = (
			);
			name = "Memorise It";
			productName = "Memorise It";
			productReference = E3B847F81DF1DEA300FD259F /* Memorise It.app */;
			productType = "com.apple.product-type.application";
		};
/* End PBXNativeTarget section */

/* Begin PBXProject section */
		E3B847F01DF1DEA300FD259F /* Project object */ = {
			isa = PBXProject;
			attributes = {
				LastSwiftUpdateCheck = 0810;
				LastUpgradeCheck = 0820;
				ORGANIZATIONNAME = "Maarut Chandegra";
				TargetAttributes = {
					E3B847F71DF1DEA300FD259F = {
						CreatedOnToolsVersion = 8.1;
						DevelopmentTeam = F53K8XZ6AA;
						ProvisioningStyle = Automatic;
					};
				};
			};
			buildConfigurationList = E3B847F31DF1DEA300FD259F /* Build configuration list for PBXProject "Memorise It" */;
			compatibilityVersion = "Xcode 3.2";
			developmentRegion = English;
			hasScannedForEncodings = 0;
			knownRegions = (
				en,
				Base,
			);
			mainGroup = E3B847EF1DF1DEA300FD259F;
			productRefGroup = E3B847F91DF1DEA300FD259F /* Products */;
			projectDirPath = "";
			projectRoot = "";
			targets = (
				E3B847F71DF1DEA300FD259F /* Memorise It */,
			);
		};
/* End PBXProject section */

/* Begin PBXResourcesBuildPhase section */
		E3B847F61DF1DEA300FD259F /* Resources */ = {
			isa = PBXResourcesBuildPhase;
			buildActionMask = 2147483647;
			files = (
				E3B848061DF1DEA300FD259F /* LaunchScreen.storyboard in Resources */,
				E3B848031DF1DEA300FD259F /* Assets.xcassets in Resources */,
				E3B848011DF1DEA300FD259F /* Main.storyboard in Resources */,
			);
			runOnlyForDeploymentPostprocessing = 0;
		};
/* End PBXResourcesBuildPhase section */

/* Begin PBXSourcesBuildPhase section */
		E3B847F41DF1DEA300FD259F /* Sources */ = {
			isa = PBXSourcesBuildPhase;
			buildActionMask = 2147483647;
			files = (
				E34F701F1DFEEC920074F8F1 /* DataController.swift in Sources */,
				E34F701D1DFEEA1D0074F8F1 /* FlashCards.xcdatamodeld in Sources */,
				E3B847FE1DF1DEA300FD259F /* ImageCollectionViewController.swift in Sources */,
				E3B847FC1DF1DEA300FD259F /* AppDelegate.swift in Sources */,
				E3B8480E1DF7442E00FD259F /* AddSoundViewController.swift in Sources */,
				E34F70161DF9DFD40074F8F1 /* PlayFlashCardViewController.swift in Sources */,
			);
			runOnlyForDeploymentPostprocessing = 0;
		};
/* End PBXSourcesBuildPhase section */

/* Begin PBXVariantGroup section */
		E3B847FF1DF1DEA300FD259F /* Main.storyboard */ = {
			isa = PBXVariantGroup;
			children = (
				E3B848001DF1DEA300FD259F /* Base */,
			);
			name = Main.storyboard;
			sourceTree = "<group>";
		};
		E3B848041DF1DEA300FD259F /* LaunchScreen.storyboard */ = {
			isa = PBXVariantGroup;
			children = (
				E3B848051DF1DEA300FD259F /* Base */,
			);
			name = LaunchScreen.storyboard;
			sourceTree = "<group>";
		};
/* End PBXVariantGroup section */

/* Begin XCBuildConfiguration section */
		E3B848081DF1DEA300FD259F /* Debug */ = {
			isa = XCBuildConfiguration;
			buildSettings = {
				ALWAYS_SEARCH_USER_PATHS = NO;
				CLANG_ANALYZER_NONNULL = YES;
				CLANG_CXX_LANGUAGE_STANDARD = "gnu++0x";
				CLANG_CXX_LIBRARY = "libc++";
				CLANG_ENABLE_MODULES = YES;
				CLANG_ENABLE_OBJC_ARC = YES;
				CLANG_WARN_BOOL_CONVERSION = YES;
				CLANG_WARN_CONSTANT_CONVERSION = YES;
				CLANG_WARN_DIRECT_OBJC_ISA_USAGE = YES_ERROR;
				CLANG_WARN_DOCUMENTATION_COMMENTS = YES;
				CLANG_WARN_EMPTY_BODY = YES;
				CLANG_WARN_ENUM_CONVERSION = YES;
				CLANG_WARN_INFINITE_RECURSION = YES;
				CLANG_WARN_INT_CONVERSION = YES;
				CLANG_WARN_OBJC_ROOT_CLASS = YES_ERROR;
				CLANG_WARN_SUSPICIOUS_MOVE = YES;
				CLANG_WARN_SUSPICIOUS_MOVES = YES;
				CLANG_WARN_UNREACHABLE_CODE = YES;
				CLANG_WARN__DUPLICATE_METHOD_MATCH = YES;
				"CODE_SIGN_IDENTITY[sdk=iphoneos*]" = "iPhone Developer";
				COPY_PHASE_STRIP = NO;
				DEBUG_INFORMATION_FORMAT = dwarf;
				ENABLE_STRICT_OBJC_MSGSEND = YES;
				ENABLE_TESTABILITY = YES;
				GCC_C_LANGUAGE_STANDARD = gnu99;
				GCC_DYNAMIC_NO_PIC = NO;
				GCC_NO_COMMON_BLOCKS = YES;
				GCC_OPTIMIZATION_LEVEL = 0;
				GCC_PREPROCESSOR_DEFINITIONS = (
					"DEBUG=1",
					"$(inherited)",
				);
				GCC_WARN_64_TO_32_BIT_CONVERSION = YES;
				GCC_WARN_ABOUT_RETURN_TYPE = YES_ERROR;
				GCC_WARN_UNDECLARED_SELECTOR = YES;
				GCC_WARN_UNINITIALIZED_AUTOS = YES_AGGRESSIVE;
				GCC_WARN_UNUSED_FUNCTION = YES;
				GCC_WARN_UNUSED_VARIABLE = YES;
				IPHONEOS_DEPLOYMENT_TARGET = 10.1;
				MTL_ENABLE_DEBUG_INFO = YES;
				ONLY_ACTIVE_ARCH = YES;
				SDKROOT = iphoneos;
				SWIFT_ACTIVE_COMPILATION_CONDITIONS = DEBUG;
				SWIFT_OPTIMIZATION_LEVEL = "-Onone";
				TARGETED_DEVICE_FAMILY = "1,2";
			};
			name = Debug;
		};
		E3B848091DF1DEA300FD259F /* Release */ = {
			isa = XCBuildConfiguration;
			buildSettings = {
				ALWAYS_SEARCH_USER_PATHS = NO;
				CLANG_ANALYZER_NONNULL = YES;
				CLANG_CXX_LANGUAGE_STANDARD = "gnu++0x";
				CLANG_CXX_LIBRARY = "libc++";
				CLANG_ENABLE_MODULES = YES;
				CLANG_ENABLE_OBJC_ARC = YES;
				CLANG_WARN_BOOL_CONVERSION = YES;
				CLANG_WARN_CONSTANT_CONVERSION = YES;
				CLANG_WARN_DIRECT_OBJC_ISA_USAGE = YES_ERROR;
				CLANG_WARN_DOCUMENTATION_COMMENTS = YES;
				CLANG_WARN_EMPTY_BODY = YES;
				CLANG_WARN_ENUM_CONVERSION = YES;
				CLANG_WARN_INFINITE_RECURSION = YES;
				CLANG_WARN_INT_CONVERSION = YES;
				CLANG_WARN_OBJC_ROOT_CLASS = YES_ERROR;
				CLANG_WARN_SUSPICIOUS_MOVE = YES;
				CLANG_WARN_SUSPICIOUS_MOVES = YES;
				CLANG_WARN_UNREACHABLE_CODE = YES;
				CLANG_WARN__DUPLICATE_METHOD_MATCH = YES;
				"CODE_SIGN_IDENTITY[sdk=iphoneos*]" = "iPhone Developer";
				COPY_PHASE_STRIP = NO;
				DEBUG_INFORMATION_FORMAT = "dwarf-with-dsym";
				ENABLE_NS_ASSERTIONS = NO;
				ENABLE_STRICT_OBJC_MSGSEND = YES;
				GCC_C_LANGUAGE_STANDARD = gnu99;
				GCC_NO_COMMON_BLOCKS = YES;
				GCC_WARN_64_TO_32_BIT_CONVERSION = YES;
				GCC_WARN_ABOUT_RETURN_TYPE = YES_ERROR;
				GCC_WARN_UNDECLARED_SELECTOR = YES;
				GCC_WARN_UNINITIALIZED_AUTOS = YES_AGGRESSIVE;
				GCC_WARN_UNUSED_FUNCTION = YES;
				GCC_WARN_UNUSED_VARIABLE = YES;
				IPHONEOS_DEPLOYMENT_TARGET = 10.1;
				MTL_ENABLE_DEBUG_INFO = NO;
				SDKROOT = iphoneos;
				SWIFT_OPTIMIZATION_LEVEL = "-Owholemodule";
				TARGETED_DEVICE_FAMILY = "1,2";
				VALIDATE_PRODUCT = YES;
			};
			name = Release;
		};
		E3B8480B1DF1DEA300FD259F /* Debug */ = {
			isa = XCBuildConfiguration;
			buildSettings = {
				ASSETCATALOG_COMPILER_APPICON_NAME = AppIcon;
				DEVELOPMENT_TEAM = F53K8XZ6AA;
				INFOPLIST_FILE = "Memorise It/Info.plist";
				IPHONEOS_DEPLOYMENT_TARGET = 10.0;
				LD_RUNPATH_SEARCH_PATHS = "$(inherited) @executable_path/Frameworks";
				PRODUCT_BUNDLE_IDENTIFIER = "net.maarut.Memorise-It";
				PRODUCT_NAME = "$(TARGET_NAME)";
				SWIFT_VERSION = 3.0;
			};
			name = Debug;
		};
		E3B8480C1DF1DEA300FD259F /* Release */ = {
			isa = XCBuildConfiguration;
			buildSettings = {
				ASSETCATALOG_COMPILER_APPICON_NAME = AppIcon;
				DEVELOPMENT_TEAM = F53K8XZ6AA;
				INFOPLIST_FILE = "Memorise It/Info.plist";
				IPHONEOS_DEPLOYMENT_TARGET = 10.0;
				LD_RUNPATH_SEARCH_PATHS = "$(inherited) @executable_path/Frameworks";
				PRODUCT_BUNDLE_IDENTIFIER = "net.maarut.Memorise-It";
				PRODUCT_NAME = "$(TARGET_NAME)";
				SWIFT_VERSION = 3.0;
			};
			name = Release;
		};
/* End XCBuildConfiguration section */

/* Begin XCConfigurationList section */
		E3B847F31DF1DEA300FD259F /* Build configuration list for PBXProject "Memorise It" */ = {
			isa = XCConfigurationList;
			buildConfigurations = (
				E3B848081DF1DEA300FD259F /* Debug */,
				E3B848091DF1DEA300FD259F /* Release */,
			);
			defaultConfigurationIsVisible = 0;
			defaultConfigurationName = Release;
		};
		E3B8480A1DF1DEA300FD259F /* Build configuration list for PBXNativeTarget "Memorise It" */ = {
			isa = XCConfigurationList;
			buildConfigurations = (
				E3B8480B1DF1DEA300FD259F /* Debug */,
				E3B8480C1DF1DEA300FD259F /* Release */,
			);
			defaultConfigurationIsVisible = 0;
			defaultConfigurationName = Release;
		};
/* End XCConfigurationList section */

/* Begin XCVersionGroup section */
		E34F701B1DFEEA1D0074F8F1 /* FlashCards.xcdatamodeld */ = {
			isa = XCVersionGroup;
			children = (
				E34F701C1DFEEA1D0074F8F1 /* FlashCards.xcdatamodel */,
			);
			currentVersion = E34F701C1DFEEA1D0074F8F1 /* FlashCards.xcdatamodel */;
			path = FlashCards.xcdatamodeld;
			sourceTree = "<group>";
			versionGroupType = wrapper.xcdatamodel;
		};
/* End XCVersionGroup section */
	};
	rootObject = E3B847F01DF1DEA300FD259F /* Project object */;
}
